// !$*UTF8*$!
{
	archiveVersion = 1;
	classes = {
	};
	objectVersion = 56;
	objects = {

/* Begin PBXBuildFile section */
		8173D05B2C4BDF98004793A6 /* UIResponder+Utils.swift in Sources */ = {isa = PBXBuildFile; fileRef = 8173D05A2C4BDF98004793A6 /* UIResponder+Utils.swift */; };
		8173D06A2C4D89B6004793A6 /* PasswordCriteriaTests.swift in Sources */ = {isa = PBXBuildFile; fileRef = 8173D0692C4D89B6004793A6 /* PasswordCriteriaTests.swift */; };
		81A648F42C47D43000720DF1 /* AppDelegate.swift in Sources */ = {isa = PBXBuildFile; fileRef = 81A648F32C47D43000720DF1 /* AppDelegate.swift */; };
		81A648F62C47D43000720DF1 /* SceneDelegate.swift in Sources */ = {isa = PBXBuildFile; fileRef = 81A648F52C47D43000720DF1 /* SceneDelegate.swift */; };
		81A648F82C47D43000720DF1 /* ViewController.swift in Sources */ = {isa = PBXBuildFile; fileRef = 81A648F72C47D43000720DF1 /* ViewController.swift */; };
		81A648FD2C47D43100720DF1 /* Assets.xcassets in Resources */ = {isa = PBXBuildFile; fileRef = 81A648FC2C47D43100720DF1 /* Assets.xcassets */; };
		81A649002C47D43100720DF1 /* Base in Resources */ = {isa = PBXBuildFile; fileRef = 81A648FF2C47D43100720DF1 /* Base */; };
		81A6490B2C47E7B400720DF1 /* PasswordTextField.swift in Sources */ = {isa = PBXBuildFile; fileRef = 81A6490A2C47E7B400720DF1 /* PasswordTextField.swift */; };
		81A649132C48FE9F00720DF1 /* PasswordCriteriaView.swift in Sources */ = {isa = PBXBuildFile; fileRef = 81A649122C48FE9F00720DF1 /* PasswordCriteriaView.swift */; };
		81A649152C4926D200720DF1 /* PasswordStatusView.swift in Sources */ = {isa = PBXBuildFile; fileRef = 81A649142C4926D200720DF1 /* PasswordStatusView.swift */; };
		81A649372C4A94E400720DF1 /* PasswordCriteria.swift in Sources */ = {isa = PBXBuildFile; fileRef = 81A649362C4A94E400720DF1 /* PasswordCriteria.swift */; };
/* End PBXBuildFile section */

/* Begin PBXContainerItemProxy section */
		8173D0642C4D8861004793A6 /* PBXContainerItemProxy */ = {
			isa = PBXContainerItemProxy;
			containerPortal = 81A648E82C47D43000720DF1 /* Project object */;
			proxyType = 1;
			remoteGlobalIDString = 81A648EF2C47D43000720DF1;
			remoteInfo = Password;
		};
/* End PBXContainerItemProxy section */

/* Begin PBXFileReference section */
		8173D05A2C4BDF98004793A6 /* UIResponder+Utils.swift */ = {isa = PBXFileReference; lastKnownFileType = sourcecode.swift; path = "UIResponder+Utils.swift"; sourceTree = "<group>"; };
		8173D0602C4D8860004793A6 /* PasswordTests.xctest */ = {isa = PBXFileReference; explicitFileType = wrapper.cfbundle; includeInIndex = 0; path = PasswordTests.xctest; sourceTree = BUILT_PRODUCTS_DIR; };
		8173D0692C4D89B6004793A6 /* PasswordCriteriaTests.swift */ = {isa = PBXFileReference; lastKnownFileType = sourcecode.swift; path = PasswordCriteriaTests.swift; sourceTree = "<group>"; };
		81A648F02C47D43000720DF1 /* Password.app */ = {isa = PBXFileReference; explicitFileType = wrapper.application; includeInIndex = 0; path = Password.app; sourceTree = BUILT_PRODUCTS_DIR; };
		81A648F32C47D43000720DF1 /* AppDelegate.swift */ = {isa = PBXFileReference; lastKnownFileType = sourcecode.swift; path = AppDelegate.swift; sourceTree = "<group>"; };
		81A648F52C47D43000720DF1 /* SceneDelegate.swift */ = {isa = PBXFileReference; lastKnownFileType = sourcecode.swift; path = SceneDelegate.swift; sourceTree = "<group>"; };
		81A648F72C47D43000720DF1 /* ViewController.swift */ = {isa = PBXFileReference; lastKnownFileType = sourcecode.swift; path = ViewController.swift; sourceTree = "<group>"; };
		81A648FC2C47D43100720DF1 /* Assets.xcassets */ = {isa = PBXFileReference; lastKnownFileType = folder.assetcatalog; path = Assets.xcassets; sourceTree = "<group>"; };
		81A648FF2C47D43100720DF1 /* Base */ = {isa = PBXFileReference; lastKnownFileType = file.storyboard; name = Base; path = Base.lproj/LaunchScreen.storyboard; sourceTree = "<group>"; };
		81A649012C47D43100720DF1 /* Info.plist */ = {isa = PBXFileReference; lastKnownFileType = text.plist.xml; path = Info.plist; sourceTree = "<group>"; };
		81A6490A2C47E7B400720DF1 /* PasswordTextField.swift */ = {isa = PBXFileReference; lastKnownFileType = sourcecode.swift; path = PasswordTextField.swift; sourceTree = "<group>"; };
		81A649122C48FE9F00720DF1 /* PasswordCriteriaView.swift */ = {isa = PBXFileReference; lastKnownFileType = sourcecode.swift; path = PasswordCriteriaView.swift; sourceTree = "<group>"; };
		81A649142C4926D200720DF1 /* PasswordStatusView.swift */ = {isa = PBXFileReference; lastKnownFileType = sourcecode.swift; path = PasswordStatusView.swift; sourceTree = "<group>"; };
		81A649362C4A94E400720DF1 /* PasswordCriteria.swift */ = {isa = PBXFileReference; lastKnownFileType = sourcecode.swift; path = PasswordCriteria.swift; sourceTree = "<group>"; };
/* End PBXFileReference section */

/* Begin PBXFrameworksBuildPhase section */
		8173D05D2C4D8860004793A6 /* Frameworks */ = {
			isa = PBXFrameworksBuildPhase;
			buildActionMask = 2147483647;
			files = (
			);
			runOnlyForDeploymentPostprocessing = 0;
		};
		81A648ED2C47D43000720DF1 /* Frameworks */ = {
			isa = PBXFrameworksBuildPhase;
			buildActionMask = 2147483647;
			files = (
			);
			runOnlyForDeploymentPostprocessing = 0;
		};
/* End PBXFrameworksBuildPhase section */

/* Begin PBXGroup section */
		8173D0612C4D8861004793A6 /* PasswordTests */ = {
			isa = PBXGroup;
			children = (
				8173D0692C4D89B6004793A6 /* PasswordCriteriaTests.swift */,
			);
			path = PasswordTests;
			sourceTree = "<group>";
		};
		81A648E72C47D43000720DF1 = {
			isa = PBXGroup;
			children = (
				81A648F22C47D43000720DF1 /* Password */,
				8173D0612C4D8861004793A6 /* PasswordTests */,
				81A648F12C47D43000720DF1 /* Products */,
			);
			sourceTree = "<group>";
		};
		81A648F12C47D43000720DF1 /* Products */ = {
			isa = PBXGroup;
			children = (
				81A648F02C47D43000720DF1 /* Password.app */,
				8173D0602C4D8860004793A6 /* PasswordTests.xctest */,
			);
			name = Products;
			sourceTree = "<group>";
		};
		81A648F22C47D43000720DF1 /* Password */ = {
			isa = PBXGroup;
			children = (
				81A6490E2C47E87200720DF1 /* Utils */,
				81A649072C47D50C00720DF1 /* Files */,
				81A648F32C47D43000720DF1 /* AppDelegate.swift */,
				81A648F52C47D43000720DF1 /* SceneDelegate.swift */,
				81A648F72C47D43000720DF1 /* ViewController.swift */,
				81A6490A2C47E7B400720DF1 /* PasswordTextField.swift */,
				81A649112C48FE7900720DF1 /* PasswordStatusView */,
			);
			path = Password;
			sourceTree = "<group>";
		};
		81A649072C47D50C00720DF1 /* Files */ = {
			isa = PBXGroup;
			children = (
				81A648FC2C47D43100720DF1 /* Assets.xcassets */,
				81A648FE2C47D43100720DF1 /* LaunchScreen.storyboard */,
				81A649012C47D43100720DF1 /* Info.plist */,
			);
			name = Files;
			sourceTree = "<group>";
		};
		81A6490E2C47E87200720DF1 /* Utils */ = {
			isa = PBXGroup;
			children = (
				8173D05A2C4BDF98004793A6 /* UIResponder+Utils.swift */,
			);
			name = Utils;
			sourceTree = "<group>";
		};
		81A649112C48FE7900720DF1 /* PasswordStatusView */ = {
			isa = PBXGroup;
			children = (
				81A649122C48FE9F00720DF1 /* PasswordCriteriaView.swift */,
				81A649142C4926D200720DF1 /* PasswordStatusView.swift */,
				81A649362C4A94E400720DF1 /* PasswordCriteria.swift */,
			);
			name = PasswordStatusView;
			sourceTree = "<group>";
		};
/* End PBXGroup section */

/* Begin PBXNativeTarget section */
		8173D05F2C4D8860004793A6 /* PasswordTests */ = {
			isa = PBXNativeTarget;
			buildConfigurationList = 8173D0682C4D8861004793A6 /* Build configuration list for PBXNativeTarget "PasswordTests" */;
			buildPhases = (
				8173D05C2C4D8860004793A6 /* Sources */,
				8173D05D2C4D8860004793A6 /* Frameworks */,
				8173D05E2C4D8860004793A6 /* Resources */,
			);
			buildRules = (
			);
			dependencies = (
				8173D0652C4D8861004793A6 /* PBXTargetDependency */,
			);
			name = PasswordTests;
			productName = PasswordTests;
			productReference = 8173D0602C4D8860004793A6 /* PasswordTests.xctest */;
			productType = "com.apple.product-type.bundle.unit-test";
		};
		81A648EF2C47D43000720DF1 /* Password */ = {
			isa = PBXNativeTarget;
			buildConfigurationList = 81A649042C47D43100720DF1 /* Build configuration list for PBXNativeTarget "Password" */;
			buildPhases = (
				81A648EC2C47D43000720DF1 /* Sources */,
				81A648ED2C47D43000720DF1 /* Frameworks */,
				81A648EE2C47D43000720DF1 /* Resources */,
			);
			buildRules = (
			);
			dependencies = (
			);
			name = Password;
			productName = Password;
			productReference = 81A648F02C47D43000720DF1 /* Password.app */;
			productType = "com.apple.product-type.application";
		};
/* End PBXNativeTarget section */

/* Begin PBXProject section */
		81A648E82C47D43000720DF1 /* Project object */ = {
			isa = PBXProject;
			attributes = {
				BuildIndependentTargetsInParallel = 1;
				LastSwiftUpdateCheck = 1540;
				LastUpgradeCheck = 1540;
				TargetAttributes = {
					8173D05F2C4D8860004793A6 = {
						CreatedOnToolsVersion = 15.4;
						LastSwiftMigration = 1540;
						TestTargetID = 81A648EF2C47D43000720DF1;
					};
					81A648EF2C47D43000720DF1 = {
						CreatedOnToolsVersion = 15.4;
					};
				};
			};
			buildConfigurationList = 81A648EB2C47D43000720DF1 /* Build configuration list for PBXProject "Password" */;
			compatibilityVersion = "Xcode 14.0";
			developmentRegion = en;
			hasScannedForEncodings = 0;
			knownRegions = (
				en,
				Base,
			);
			mainGroup = 81A648E72C47D43000720DF1;
			productRefGroup = 81A648F12C47D43000720DF1 /* Products */;
			projectDirPath = "";
			projectRoot = "";
			targets = (
				81A648EF2C47D43000720DF1 /* Password */,
				8173D05F2C4D8860004793A6 /* PasswordTests */,
			);
		};
/* End PBXProject section */

/* Begin PBXResourcesBuildPhase section */
		8173D05E2C4D8860004793A6 /* Resources */ = {
			isa = PBXResourcesBuildPhase;
			buildActionMask = 2147483647;
			files = (
			);
			runOnlyForDeploymentPostprocessing = 0;
		};
		81A648EE2C47D43000720DF1 /* Resources */ = {
			isa = PBXResourcesBuildPhase;
			buildActionMask = 2147483647;
			files = (
				81A648FD2C47D43100720DF1 /* Assets.xcassets in Resources */,
				81A649002C47D43100720DF1 /* Base in Resources */,
			);
			runOnlyForDeploymentPostprocessing = 0;
		};
/* End PBXResourcesBuildPhase section */

/* Begin PBXSourcesBuildPhase section */
		8173D05C2C4D8860004793A6 /* Sources */ = {
			isa = PBXSourcesBuildPhase;
			buildActionMask = 2147483647;
			files = (
				8173D06A2C4D89B6004793A6 /* PasswordCriteriaTests.swift in Sources */,
			);
			runOnlyForDeploymentPostprocessing = 0;
		};
		81A648EC2C47D43000720DF1 /* Sources */ = {
			isa = PBXSourcesBuildPhase;
			buildActionMask = 2147483647;
			files = (
				81A6490B2C47E7B400720DF1 /* PasswordTextField.swift in Sources */,
				81A648F82C47D43000720DF1 /* ViewController.swift in Sources */,
				81A649132C48FE9F00720DF1 /* PasswordCriteriaView.swift in Sources */,
				81A649152C4926D200720DF1 /* PasswordStatusView.swift in Sources */,
				81A648F42C47D43000720DF1 /* AppDelegate.swift in Sources */,
				81A649372C4A94E400720DF1 /* PasswordCriteria.swift in Sources */,
				8173D05B2C4BDF98004793A6 /* UIResponder+Utils.swift in Sources */,
				81A648F62C47D43000720DF1 /* SceneDelegate.swift in Sources */,
			);
			runOnlyForDeploymentPostprocessing = 0;
		};
/* End PBXSourcesBuildPhase section */

/* Begin PBXTargetDependency section */
		8173D0652C4D8861004793A6 /* PBXTargetDependency */ = {
			isa = PBXTargetDependency;
			target = 81A648EF2C47D43000720DF1 /* Password */;
			targetProxy = 8173D0642C4D8861004793A6 /* PBXContainerItemProxy */;
		};
/* End PBXTargetDependency section */

/* Begin PBXVariantGroup section */
		81A648FE2C47D43100720DF1 /* LaunchScreen.storyboard */ = {
			isa = PBXVariantGroup;
			children = (
				81A648FF2C47D43100720DF1 /* Base */,
			);
			name = LaunchScreen.storyboard;
			sourceTree = "<group>";
		};
/* End PBXVariantGroup section */

/* Begin XCBuildConfiguration section */
		8173D0662C4D8861004793A6 /* Debug */ = {
			isa = XCBuildConfiguration;
			buildSettings = {
				BUNDLE_LOADER = "$(TEST_HOST)";
				CLANG_ENABLE_MODULES = YES;
				CODE_SIGN_STYLE = Automatic;
				CURRENT_PROJECT_VERSION = 1;
				DEVELOPMENT_TEAM = GNBZP8PU72;
				GENERATE_INFOPLIST_FILE = YES;
				MARKETING_VERSION = 1.0;
				PRODUCT_BUNDLE_IDENTIFIER = com.dmrts.PasswordTests;
				PRODUCT_NAME = "$(TARGET_NAME)";
				SWIFT_EMIT_LOC_STRINGS = NO;
				SWIFT_OPTIMIZATION_LEVEL = "-Onone";
				SWIFT_VERSION = 5.0;
				TARGETED_DEVICE_FAMILY = "1,2";
				TEST_HOST = "$(BUILT_PRODUCTS_DIR)/Password.app/$(BUNDLE_EXECUTABLE_FOLDER_PATH)/Password";
			};
			name = Debug;
		};
		8173D0672C4D8861004793A6 /* Release */ = {
			isa = XCBuildConfiguration;
			buildSettings = {
				BUNDLE_LOADER = "$(TEST_HOST)";
				CLANG_ENABLE_MODULES = YES;
				CODE_SIGN_STYLE = Automatic;
				CURRENT_PROJECT_VERSION = 1;
				DEVELOPMENT_TEAM = GNBZP8PU72;
				GENERATE_INFOPLIST_FILE = YES;
				MARKETING_VERSION = 1.0;
				PRODUCT_BUNDLE_IDENTIFIER = com.dmrts.PasswordTests;
				PRODUCT_NAME = "$(TARGET_NAME)";
				SWIFT_EMIT_LOC_STRINGS = NO;
				SWIFT_VERSION = 5.0;
				TARGETED_DEVICE_FAMILY = "1,2";
				TEST_HOST = "$(BUILT_PRODUCTS_DIR)/Password.app/$(BUNDLE_EXECUTABLE_FOLDER_PATH)/Password";
			};
			name = Release;
		};
		81A649022C47D43100720DF1 /* Debug */ = {
			isa = XCBuildConfiguration;
			buildSettings = {
				ALWAYS_SEARCH_USER_PATHS = NO;
				ASSETCATALOG_COMPILER_GENERATE_SWIFT_ASSET_SYMBOL_EXTENSIONS = YES;
				CLANG_ANALYZER_NONNULL = YES;
				CLANG_ANALYZER_NUMBER_OBJECT_CONVERSION = YES_AGGRESSIVE;
				CLANG_CXX_LANGUAGE_STANDARD = "gnu++20";
				CLANG_ENABLE_MODULES = YES;
				CLANG_ENABLE_OBJC_ARC = YES;
				CLANG_ENABLE_OBJC_WEAK = YES;
				CLANG_WARN_BLOCK_CAPTURE_AUTORELEASING = YES;
				CLANG_WARN_BOOL_CONVERSION = YES;
				CLANG_WARN_COMMA = YES;
				CLANG_WARN_CONSTANT_CONVERSION = YES;
				CLANG_WARN_DEPRECATED_OBJC_IMPLEMENTATIONS = YES;
				CLANG_WARN_DIRECT_OBJC_ISA_USAGE = YES_ERROR;
				CLANG_WARN_DOCUMENTATION_COMMENTS = YES;
				CLANG_WARN_EMPTY_BODY = YES;
				CLANG_WARN_ENUM_CONVERSION = YES;
				CLANG_WARN_INFINITE_RECURSION = YES;
				CLANG_WARN_INT_CONVERSION = YES;
				CLANG_WARN_NON_LITERAL_NULL_CONVERSION = YES;
				CLANG_WARN_OBJC_IMPLICIT_RETAIN_SELF = YES;
				CLANG_WARN_OBJC_LITERAL_CONVERSION = YES;
				CLANG_WARN_OBJC_ROOT_CLASS = YES_ERROR;
				CLANG_WARN_QUOTED_INCLUDE_IN_FRAMEWORK_HEADER = YES;
				CLANG_WARN_RANGE_LOOP_ANALYSIS = YES;
				CLANG_WARN_STRICT_PROTOTYPES = YES;
				CLANG_WARN_SUSPICIOUS_MOVE = YES;
				CLANG_WARN_UNGUARDED_AVAILABILITY = YES_AGGRESSIVE;
				CLANG_WARN_UNREACHABLE_CODE = YES;
				CLANG_WARN__DUPLICATE_METHOD_MATCH = YES;
				COPY_PHASE_STRIP = NO;
				DEBUG_INFORMATION_FORMAT = dwarf;
				ENABLE_STRICT_OBJC_MSGSEND = YES;
				ENABLE_TESTABILITY = YES;
				ENABLE_USER_SCRIPT_SANDBOXING = YES;
				GCC_C_LANGUAGE_STANDARD = gnu17;
				GCC_DYNAMIC_NO_PIC = NO;
				GCC_NO_COMMON_BLOCKS = YES;
				GCC_OPTIMIZATION_LEVEL = 0;
				GCC_PREPROCESSOR_DEFINITIONS = (
					"DEBUG=1",
					"$(inherited)",
				);
				GCC_WARN_64_TO_32_BIT_CONVERSION = YES;
				GCC_WARN_ABOUT_RETURN_TYPE = YES_ERROR;
				GCC_WARN_UNDECLARED_SELECTOR = YES;
				GCC_WARN_UNINITIALIZED_AUTOS = YES_AGGRESSIVE;
				GCC_WARN_UNUSED_FUNCTION = YES;
				GCC_WARN_UNUSED_VARIABLE = YES;
				IPHONEOS_DEPLOYMENT_TARGET = 17.5;
				LOCALIZATION_PREFERS_STRING_CATALOGS = YES;
				MTL_ENABLE_DEBUG_INFO = INCLUDE_SOURCE;
				MTL_FAST_MATH = YES;
				ONLY_ACTIVE_ARCH = YES;
				SDKROOT = iphoneos;
				SWIFT_ACTIVE_COMPILATION_CONDITIONS = "DEBUG $(inherited)";
				SWIFT_OPTIMIZATION_LEVEL = "-Onone";
			};
			name = Debug;
		};
		81A649032C47D43100720DF1 /* Release */ = {
			isa = XCBuildConfiguration;
			buildSettings = {
				ALWAYS_SEARCH_USER_PATHS = NO;
				ASSETCATALOG_COMPILER_GENERATE_SWIFT_ASSET_SYMBOL_EXTENSIONS = YES;
				CLANG_ANALYZER_NONNULL = YES;
				CLANG_ANALYZER_NUMBER_OBJECT_CONVERSION = YES_AGGRESSIVE;
				CLANG_CXX_LANGUAGE_STANDARD = "gnu++20";
				CLANG_ENABLE_MODULES = YES;
				CLANG_ENABLE_OBJC_ARC = YES;
				CLANG_ENABLE_OBJC_WEAK = YES;
				CLANG_WARN_BLOCK_CAPTURE_AUTORELEASING = YES;
				CLANG_WARN_BOOL_CONVERSION = YES;
				CLANG_WARN_COMMA = YES;
				CLANG_WARN_CONSTANT_CONVERSION = YES;
				CLANG_WARN_DEPRECATED_OBJC_IMPLEMENTATIONS = YES;
				CLANG_WARN_DIRECT_OBJC_ISA_USAGE = YES_ERROR;
				CLANG_WARN_DOCUMENTATION_COMMENTS = YES;
				CLANG_WARN_EMPTY_BODY = YES;
				CLANG_WARN_ENUM_CONVERSION = YES;
				CLANG_WARN_INFINITE_RECURSION = YES;
				CLANG_WARN_INT_CONVERSION = YES;
				CLANG_WARN_NON_LITERAL_NULL_CONVERSION = YES;
				CLANG_WARN_OBJC_IMPLICIT_RETAIN_SELF = YES;
				CLANG_WARN_OBJC_LITERAL_CONVERSION = YES;
				CLANG_WARN_OBJC_ROOT_CLASS = YES_ERROR;
				CLANG_WARN_QUOTED_INCLUDE_IN_FRAMEWORK_HEADER = YES;
				CLANG_WARN_RANGE_LOOP_ANALYSIS = YES;
				CLANG_WARN_STRICT_PROTOTYPES = YES;
				CLANG_WARN_SUSPICIOUS_MOVE = YES;
				CLANG_WARN_UNGUARDED_AVAILABILITY = YES_AGGRESSIVE;
				CLANG_WARN_UNREACHABLE_CODE = YES;
				CLANG_WARN__DUPLICATE_METHOD_MATCH = YES;
				COPY_PHASE_STRIP = NO;
				DEBUG_INFORMATION_FORMAT = "dwarf-with-dsym";
				ENABLE_NS_ASSERTIONS = NO;
				ENABLE_STRICT_OBJC_MSGSEND = YES;
				ENABLE_USER_SCRIPT_SANDBOXING = YES;
				GCC_C_LANGUAGE_STANDARD = gnu17;
				GCC_NO_COMMON_BLOCKS = YES;
				GCC_WARN_64_TO_32_BIT_CONVERSION = YES;
				GCC_WARN_ABOUT_RETURN_TYPE = YES_ERROR;
				GCC_WARN_UNDECLARED_SELECTOR = YES;
				GCC_WARN_UNINITIALIZED_AUTOS = YES_AGGRESSIVE;
				GCC_WARN_UNUSED_FUNCTION = YES;
				GCC_WARN_UNUSED_VARIABLE = YES;
				IPHONEOS_DEPLOYMENT_TARGET = 17.5;
				LOCALIZATION_PREFERS_STRING_CATALOGS = YES;
				MTL_ENABLE_DEBUG_INFO = NO;
				MTL_FAST_MATH = YES;
				SDKROOT = iphoneos;
				SWIFT_COMPILATION_MODE = wholemodule;
				VALIDATE_PRODUCT = YES;
			};
			name = Release;
		};
		81A649052C47D43100720DF1 /* Debug */ = {
			isa = XCBuildConfiguration;
			buildSettings = {
				ASSETCATALOG_COMPILER_APPICON_NAME = AppIcon;
				ASSETCATALOG_COMPILER_GLOBAL_ACCENT_COLOR_NAME = AccentColor;
				CODE_SIGN_STYLE = Automatic;
				CURRENT_PROJECT_VERSION = 1;
				DEVELOPMENT_TEAM = GNBZP8PU72;
				GENERATE_INFOPLIST_FILE = YES;
				INFOPLIST_FILE = Password/Info.plist;
				INFOPLIST_KEY_UIApplicationSupportsIndirectInputEvents = YES;
				INFOPLIST_KEY_UILaunchStoryboardName = LaunchScreen;
				INFOPLIST_KEY_UIMainStoryboardFile = "";
				INFOPLIST_KEY_UISupportedInterfaceOrientations_iPad = "UIInterfaceOrientationPortrait UIInterfaceOrientationPortraitUpsideDown UIInterfaceOrientationLandscapeLeft UIInterfaceOrientationLandscapeRight";
				INFOPLIST_KEY_UISupportedInterfaceOrientations_iPhone = "UIInterfaceOrientationPortrait UIInterfaceOrientationLandscapeLeft UIInterfaceOrientationLandscapeRight";
				LD_RUNPATH_SEARCH_PATHS = (
					"$(inherited)",
					"@executable_path/Frameworks",
				);
				MARKETING_VERSION = 1.0;
				PRODUCT_BUNDLE_IDENTIFIER = com.dmrts.Password;
				PRODUCT_NAME = "$(TARGET_NAME)";
				SWIFT_EMIT_LOC_STRINGS = YES;
				SWIFT_VERSION = 5.0;
				TARGETED_DEVICE_FAMILY = "1,2";
			};
			name = Debug;
		};
		81A649062C47D43100720DF1 /* Release */ = {
			isa = XCBuildConfiguration;
			buildSettings = {
				ASSETCATALOG_COMPILER_APPICON_NAME = AppIcon;
				ASSETCATALOG_COMPILER_GLOBAL_ACCENT_COLOR_NAME = AccentColor;
				CODE_SIGN_STYLE = Automatic;
				CURRENT_PROJECT_VERSION = 1;
				DEVELOPMENT_TEAM = GNBZP8PU72;
				GENERATE_INFOPLIST_FILE = YES;
				INFOPLIST_FILE = Password/Info.plist;
				INFOPLIST_KEY_UIApplicationSupportsIndirectInputEvents = YES;
				INFOPLIST_KEY_UILaunchStoryboardName = LaunchScreen;
				INFOPLIST_KEY_UIMainStoryboardFile = "";
				INFOPLIST_KEY_UISupportedInterfaceOrientations_iPad = "UIInterfaceOrientationPortrait UIInterfaceOrientationPortraitUpsideDown UIInterfaceOrientationLandscapeLeft UIInterfaceOrientationLandscapeRight";
				INFOPLIST_KEY_UISupportedInterfaceOrientations_iPhone = "UIInterfaceOrientationPortrait UIInterfaceOrientationLandscapeLeft UIInterfaceOrientationLandscapeRight";
				LD_RUNPATH_SEARCH_PATHS = (
					"$(inherited)",
					"@executable_path/Frameworks",
				);
				MARKETING_VERSION = 1.0;
				PRODUCT_BUNDLE_IDENTIFIER = com.dmrts.Password;
				PRODUCT_NAME = "$(TARGET_NAME)";
				SWIFT_EMIT_LOC_STRINGS = YES;
				SWIFT_VERSION = 5.0;
				TARGETED_DEVICE_FAMILY = "1,2";
			};
			name = Release;
		};
/* End XCBuildConfiguration section */

/* Begin XCConfigurationList section */
		8173D0682C4D8861004793A6 /* Build configuration list for PBXNativeTarget "PasswordTests" */ = {
			isa = XCConfigurationList;
			buildConfigurations = (
				8173D0662C4D8861004793A6 /* Debug */,
				8173D0672C4D8861004793A6 /* Release */,
			);
			defaultConfigurationIsVisible = 0;
			defaultConfigurationName = Release;
		};
		81A648EB2C47D43000720DF1 /* Build configuration list for PBXProject "Password" */ = {
			isa = XCConfigurationList;
			buildConfigurations = (
				81A649022C47D43100720DF1 /* Debug */,
				81A649032C47D43100720DF1 /* Release */,
			);
			defaultConfigurationIsVisible = 0;
			defaultConfigurationName = Release;
		};
		81A649042C47D43100720DF1 /* Build configuration list for PBXNativeTarget "Password" */ = {
			isa = XCConfigurationList;
			buildConfigurations = (
				81A649052C47D43100720DF1 /* Debug */,
				81A649062C47D43100720DF1 /* Release */,
			);
			defaultConfigurationIsVisible = 0;
			defaultConfigurationName = Release;
		};
/* End XCConfigurationList section */
	};
	rootObject = 81A648E82C47D43000720DF1 /* Project object */;
}
